{
  "name": "deps-dev-version",
  "version": "1.0.1",
  "lockfileVersion": 1,
  "requires": true,
  "dependencies": {
    "deps-version": {
      "version": "1.0.1",
      "resolved": "https://registry.npmjs.org/deps-version/-/deps-version-1.0.1.tgz",
      "integrity": "sha512-vzoWUUmTsr4IuGEXOo+gu4i7BSobKNstyHmLxN0Cnc55zqPDEZ2rT3AD5gFD3Tq9lwokKcAW5VUjpfqV9h1jbA==",
      "dev": true
    }
  }
}
